
Microsoft Visual Studio Solution File, Format Version 12.00
# Visual Studio Version 17
VisualStudioVersion = 17.5.33530.505
MinimumVisualStudioVersion = 10.0.40219.1
Project("{9A19103F-16F7-4668-BE54-9A1E7A4F7556}") = "IP2LocationIOComponent", "IP2LocationIOComponent\IP2LocationIOComponent.csproj", "{42D10CB2-EA92-479F-9AAC-E408DA416FE6}"
EndProject
Project("{FAE04EC0-301F-11D3-BF4B-00C04F79EFBC}") = "TestIP2LocationIOComponent", "TestIP2LocationIOComponent\TestIP2LocationIOComponent.csproj", "{D5C26C56-0E75-48A3-87E9-FF78233635CA}"
EndProject
Global
	GlobalSection(SolutionConfigurationPlatforms) = preSolution
		Debug|Any CPU = Debug|Any CPU
		Release|Any CPU = Release|Any CPU
	EndGlobalSection
	GlobalSection(ProjectConfigurationPlatforms) = postSolution
		{42D10CB2-EA92-479F-9AAC-E408DA416FE6}.Debug|Any CPU.ActiveCfg = Debug|Any CPU
		{42D10CB2-EA92-479F-9AAC-E408DA416FE6}.Debug|Any CPU.Build.0 = Debug|Any CPU
		{42D10CB2-EA92-479F-9AAC-E408DA416FE6}.Release|Any CPU.ActiveCfg = Release|Any CPU
		{42D10CB2-EA92-479F-9AAC-E408DA416FE6}.Release|Any CPU.Build.0 = Release|Any CPU
		{D5C26C56-0E75-48A3-87E9-FF78233635CA}.Debug|Any CPU.ActiveCfg = Debug|Any CPU
		{D5C26C56-0E75-48A3-87E9-FF78233635CA}.Debug|Any CPU.Build.0 = Debug|Any CPU
		{D5C26C56-0E75-48A3-87E9-FF78233635CA}.Release|Any CPU.ActiveCfg = Release|Any CPU
		{D5C26C56-0E75-48A3-87E9-FF78233635CA}.Release|Any CPU.Build.0 = Release|Any CPU
	EndGlobalSection
	GlobalSection(SolutionProperties) = preSolution
		HideSolutionNode = FALSE
	EndGlobalSection
	GlobalSection(ExtensibilityGlobals) = postSolution
		SolutionGuid = {55026731-6DA3-405A-BBAA-610E501F2797}
	EndGlobalSection
EndGlobal
